
Microsoft Visual Studio Solution File, Format Version 12.00
# Visual Studio 15
VisualStudioVersion = 15.0.28307.1267
MinimumVisualStudioVersion = 10.0.40219.1
Project("{FAE04EC0-301F-11D3-BF4B-00C04F79EFBC}") = "ClientReservasi-20180140052", "ClientReservasi-20180140052\ClientReservasi-20180140052.csproj", "{8503933D-3F47-4946-A87B-EA86214FF158}"
EndProject
Global
	GlobalSection(SolutionConfigurationPlatforms) = preSolution
		Debug|Any CPU = Debug|Any CPU
		Release|Any CPU = Release|Any CPU
	EndGlobalSection
	GlobalSection(ProjectConfigurationPlatforms) = postSolution
		{8503933D-3F47-4946-A87B-EA86214FF158}.Debug|Any CPU.ActiveCfg = Debug|Any CPU
		{8503933D-3F47-4946-A87B-EA86214FF158}.Debug|Any CPU.Build.0 = Debug|Any CPU
		{8503933D-3F47-4946-A87B-EA86214FF158}.Release|Any CPU.ActiveCfg = Release|Any CPU
		{8503933D-3F47-4946-A87B-EA86214FF158}.Release|Any CPU.Build.0 = Release|Any CPU
	EndGlobalSection
	GlobalSection(SolutionProperties) = preSolution
		HideSolutionNode = FALSE
	EndGlobalSection
	GlobalSection(ExtensibilityGlobals) = postSolution
		SolutionGuid = {54D45663-3E20-49E3-BB15-E996710D91F8}
	EndGlobalSection
EndGlobal
